
Microsoft Visual Studio Solution File, Format Version 12.00
# Visual Studio 15
Project("{FAE04EC0-301F-11D3-BF4B-00C04F79EFBC}") = "Assembly-CSharp", "Assembly-CSharp.csproj", "{AA3DAC14-379A-AD8E-E1EB-F85D447707B8}"
EndProject
Project("{FAE04EC0-301F-11D3-BF4B-00C04F79EFBC}") = "GoogleMobileAds.Editor", "GoogleMobileAds.Editor.csproj", "{8875AA83-03BF-8325-4D22-9715CE86DFB9}"
EndProject
Project("{FAE04EC0-301F-11D3-BF4B-00C04F79EFBC}") = "Assembly-CSharp-Editor", "Assembly-CSharp-Editor.csproj", "{4FB3A71C-FD19-23C3-4F99-C15AE660A3AA}"
EndProject
Global
	GlobalSection(SolutionConfigurationPlatforms) = preSolution
		Debug|Any CPU = Debug|Any CPU
		Release|Any CPU = Release|Any CPU
	EndGlobalSection
	GlobalSection(ProjectConfigurationPlatforms) = postSolution
		{AA3DAC14-379A-AD8E-E1EB-F85D447707B8}.Debug|Any CPU.ActiveCfg = Debug|Any CPU
		{AA3DAC14-379A-AD8E-E1EB-F85D447707B8}.Debug|Any CPU.Build.0 = Debug|Any CPU
		{AA3DAC14-379A-AD8E-E1EB-F85D447707B8}.Release|Any CPU.ActiveCfg = Release|Any CPU
		{AA3DAC14-379A-AD8E-E1EB-F85D447707B8}.Release|Any CPU.Build.0 = Release|Any CPU
		{8875AA83-03BF-8325-4D22-9715CE86DFB9}.Debug|Any CPU.ActiveCfg = Debug|Any CPU
		{8875AA83-03BF-8325-4D22-9715CE86DFB9}.Debug|Any CPU.Build.0 = Debug|Any CPU
		{8875AA83-03BF-8325-4D22-9715CE86DFB9}.Release|Any CPU.ActiveCfg = Release|Any CPU
		{8875AA83-03BF-8325-4D22-9715CE86DFB9}.Release|Any CPU.Build.0 = Release|Any CPU
		{4FB3A71C-FD19-23C3-4F99-C15AE660A3AA}.Debug|Any CPU.ActiveCfg = Debug|Any CPU
		{4FB3A71C-FD19-23C3-4F99-C15AE660A3AA}.Debug|Any CPU.Build.0 = Debug|Any CPU
		{4FB3A71C-FD19-23C3-4F99-C15AE660A3AA}.Release|Any CPU.ActiveCfg = Release|Any CPU
		{4FB3A71C-FD19-23C3-4F99-C15AE660A3AA}.Release|Any CPU.Build.0 = Release|Any CPU
	EndGlobalSection
	GlobalSection(SolutionProperties) = preSolution
		HideSolutionNode = FALSE
	EndGlobalSection
EndGlobal
